
Microsoft Visual Studio Solution File, Format Version 12.00
# Visual Studio Version 16
VisualStudioVersion = 16.0.30804.86
MinimumVisualStudioVersion = 10.0.40219.1
Project("{9A19103F-16F7-4668-BE54-9A1E7A4F7556}") = "SE1", "SE1\SE1.csproj", "{9CC17B19-69DB-4D17-B8AA-1F86B4AE7AAC}"
EndProject
Project("{2150E333-8FDC-42A3-9474-1A3956D46DE8}") = "Slide Show Examples", "Slide Show Examples", "{EABFFF1C-310F-42E4-8814-610667FE8356}"
EndProject
Project("{2150E333-8FDC-42A3-9474-1A3956D46DE8}") = "Lessons", "Lessons", "{FF644128-F0FB-4DC3-94E3-0BEE5EC92301}"
EndProject
Project("{FAE04EC0-301F-11D3-BF4B-00C04F79EFBC}") = "1 - Hello World", "1 - Hello World\1 - Hello World.csproj", "{05A7BB42-97FF-4992-8FE9-F3D17C0852E8}"
EndProject
Project("{2150E333-8FDC-42A3-9474-1A3956D46DE8}") = "Your Projects", "Your Projects", "{1397326B-F584-4C1E-9387-E81DBDDCA54A}"
EndProject
Project("{FAE04EC0-301F-11D3-BF4B-00C04F79EFBC}") = "Blank Project", "Blank Project\Blank Project.csproj", "{A3589014-E776-4650-BFE7-0324C2CB2C91}"
EndProject
Project("{FAE04EC0-301F-11D3-BF4B-00C04F79EFBC}") = "SE2", "SE2\SE2.csproj", "{660A9D17-FA42-4AE7-AABE-E546F9044A58}"
EndProject
Project("{FAE04EC0-301F-11D3-BF4B-00C04F79EFBC}") = "SE3", "SE3\SE3.csproj", "{CED58339-01F2-4126-BB53-2F84CEB723BE}"
EndProject
Project("{FAE04EC0-301F-11D3-BF4B-00C04F79EFBC}") = "SE4", "SE4\SE4.csproj", "{A5F7B140-A299-47CC-8B9B-7BB936B9291E}"
EndProject
Project("{FAE04EC0-301F-11D3-BF4B-00C04F79EFBC}") = "2 - Types and IO", "2 - Types and IO\2 - Types and IO.csproj", "{B7721675-9CE5-4027-AF4C-F1C97CF88660}"
EndProject
Project("{FAE04EC0-301F-11D3-BF4B-00C04F79EFBC}") = "SE5", "SE5\SE5.csproj", "{EA6E4C4B-52A1-42B5-B236-E41714F6CA5D}"
EndProject
Project("{FAE04EC0-301F-11D3-BF4B-00C04F79EFBC}") = "SE6", "SE6\SE6.csproj", "{51A04249-A8ED-4DCC-B0E0-D6AD20717A46}"
EndProject
Project("{FAE04EC0-301F-11D3-BF4B-00C04F79EFBC}") = "SE7", "SE7\SE7.csproj", "{6CC18DE4-460D-4421-878D-7D82B20D5546}"
EndProject
Project("{FAE04EC0-301F-11D3-BF4B-00C04F79EFBC}") = "SE8", "SE8\SE8.csproj", "{923EE581-75F8-444F-9B07-66E08B9E57D2}"
EndProject
Project("{FAE04EC0-301F-11D3-BF4B-00C04F79EFBC}") = "SE9", "SE9\SE9.csproj", "{661C127B-F86C-4A55-9255-FA736D7FABCA}"
EndProject
Project("{2150E333-8FDC-42A3-9474-1A3956D46DE8}") = "Your Exercises", "Your Exercises", "{D90643A6-7B0E-42EE-84CD-8D9B44A5C7D1}"
EndProject
Project("{FAE04EC0-301F-11D3-BF4B-00C04F79EFBC}") = "EX1", "EX1\EX1.csproj", "{92A7C162-0ABF-4CFF-B9F7-A9FE8F59D0F2}"
EndProject
Project("{FAE04EC0-301F-11D3-BF4B-00C04F79EFBC}") = "3 - Exercise 1 Example", "3 - Exercise 1 Example\3 - Exercise 1 Example.csproj", "{DC99E5F8-F44B-4F76-A5A6-12C650DC643E}"
EndProject
Global
	GlobalSection(SolutionConfigurationPlatforms) = preSolution
		Debug|Any CPU = Debug|Any CPU
		Release|Any CPU = Release|Any CPU
	EndGlobalSection
	GlobalSection(ProjectConfigurationPlatforms) = postSolution
		{9CC17B19-69DB-4D17-B8AA-1F86B4AE7AAC}.Debug|Any CPU.ActiveCfg = Debug|Any CPU
		{9CC17B19-69DB-4D17-B8AA-1F86B4AE7AAC}.Debug|Any CPU.Build.0 = Debug|Any CPU
		{9CC17B19-69DB-4D17-B8AA-1F86B4AE7AAC}.Release|Any CPU.ActiveCfg = Release|Any CPU
		{9CC17B19-69DB-4D17-B8AA-1F86B4AE7AAC}.Release|Any CPU.Build.0 = Release|Any CPU
		{05A7BB42-97FF-4992-8FE9-F3D17C0852E8}.Debug|Any CPU.ActiveCfg = Debug|Any CPU
		{05A7BB42-97FF-4992-8FE9-F3D17C0852E8}.Debug|Any CPU.Build.0 = Debug|Any CPU
		{05A7BB42-97FF-4992-8FE9-F3D17C0852E8}.Release|Any CPU.ActiveCfg = Release|Any CPU
		{05A7BB42-97FF-4992-8FE9-F3D17C0852E8}.Release|Any CPU.Build.0 = Release|Any CPU
		{A3589014-E776-4650-BFE7-0324C2CB2C91}.Debug|Any CPU.ActiveCfg = Debug|Any CPU
		{A3589014-E776-4650-BFE7-0324C2CB2C91}.Debug|Any CPU.Build.0 = Debug|Any CPU
		{A3589014-E776-4650-BFE7-0324C2CB2C91}.Release|Any CPU.ActiveCfg = Release|Any CPU
		{A3589014-E776-4650-BFE7-0324C2CB2C91}.Release|Any CPU.Build.0 = Release|Any CPU
		{660A9D17-FA42-4AE7-AABE-E546F9044A58}.Debug|Any CPU.ActiveCfg = Debug|Any CPU
		{660A9D17-FA42-4AE7-AABE-E546F9044A58}.Debug|Any CPU.Build.0 = Debug|Any CPU
		{660A9D17-FA42-4AE7-AABE-E546F9044A58}.Release|Any CPU.ActiveCfg = Release|Any CPU
		{660A9D17-FA42-4AE7-AABE-E546F9044A58}.Release|Any CPU.Build.0 = Release|Any CPU
		{CED58339-01F2-4126-BB53-2F84CEB723BE}.Debug|Any CPU.ActiveCfg = Debug|Any CPU
		{CED58339-01F2-4126-BB53-2F84CEB723BE}.Debug|Any CPU.Build.0 = Debug|Any CPU
		{CED58339-01F2-4126-BB53-2F84CEB723BE}.Release|Any CPU.ActiveCfg = Release|Any CPU
		{CED58339-01F2-4126-BB53-2F84CEB723BE}.Release|Any CPU.Build.0 = Release|Any CPU
		{A5F7B140-A299-47CC-8B9B-7BB936B9291E}.Debug|Any CPU.ActiveCfg = Debug|Any CPU
		{A5F7B140-A299-47CC-8B9B-7BB936B9291E}.Debug|Any CPU.Build.0 = Debug|Any CPU
		{A5F7B140-A299-47CC-8B9B-7BB936B9291E}.Release|Any CPU.ActiveCfg = Release|Any CPU
		{A5F7B140-A299-47CC-8B9B-7BB936B9291E}.Release|Any CPU.Build.0 = Release|Any CPU
		{B7721675-9CE5-4027-AF4C-F1C97CF88660}.Debug|Any CPU.ActiveCfg = Debug|Any CPU
		{B7721675-9CE5-4027-AF4C-F1C97CF88660}.Debug|Any CPU.Build.0 = Debug|Any CPU
		{B7721675-9CE5-4027-AF4C-F1C97CF88660}.Release|Any CPU.ActiveCfg = Release|Any CPU
		{B7721675-9CE5-4027-AF4C-F1C97CF88660}.Release|Any CPU.Build.0 = Release|Any CPU
		{EA6E4C4B-52A1-42B5-B236-E41714F6CA5D}.Debug|Any CPU.ActiveCfg = Debug|Any CPU
		{EA6E4C4B-52A1-42B5-B236-E41714F6CA5D}.Debug|Any CPU.Build.0 = Debug|Any CPU
		{EA6E4C4B-52A1-42B5-B236-E41714F6CA5D}.Release|Any CPU.ActiveCfg = Release|Any CPU
		{EA6E4C4B-52A1-42B5-B236-E41714F6CA5D}.Release|Any CPU.Build.0 = Release|Any CPU
		{51A04249-A8ED-4DCC-B0E0-D6AD20717A46}.Debug|Any CPU.ActiveCfg = Debug|Any CPU
		{51A04249-A8ED-4DCC-B0E0-D6AD20717A46}.Debug|Any CPU.Build.0 = Debug|Any CPU
		{51A04249-A8ED-4DCC-B0E0-D6AD20717A46}.Release|Any CPU.ActiveCfg = Release|Any CPU
		{51A04249-A8ED-4DCC-B0E0-D6AD20717A46}.Release|Any CPU.Build.0 = Release|Any CPU
		{6CC18DE4-460D-4421-878D-7D82B20D5546}.Debug|Any CPU.ActiveCfg = Debug|Any CPU
		{6CC18DE4-460D-4421-878D-7D82B20D5546}.Debug|Any CPU.Build.0 = Debug|Any CPU
		{6CC18DE4-460D-4421-878D-7D82B20D5546}.Release|Any CPU.ActiveCfg = Release|Any CPU
		{6CC18DE4-460D-4421-878D-7D82B20D5546}.Release|Any CPU.Build.0 = Release|Any CPU
		{923EE581-75F8-444F-9B07-66E08B9E57D2}.Debug|Any CPU.ActiveCfg = Debug|Any CPU
		{923EE581-75F8-444F-9B07-66E08B9E57D2}.Debug|Any CPU.Build.0 = Debug|Any CPU
		{923EE581-75F8-444F-9B07-66E08B9E57D2}.Release|Any CPU.ActiveCfg = Release|Any CPU
		{923EE581-75F8-444F-9B07-66E08B9E57D2}.Release|Any CPU.Build.0 = Release|Any CPU
		{661C127B-F86C-4A55-9255-FA736D7FABCA}.Debug|Any CPU.ActiveCfg = Debug|Any CPU
		{661C127B-F86C-4A55-9255-FA736D7FABCA}.Debug|Any CPU.Build.0 = Debug|Any CPU
		{661C127B-F86C-4A55-9255-FA736D7FABCA}.Release|Any CPU.ActiveCfg = Release|Any CPU
		{661C127B-F86C-4A55-9255-FA736D7FABCA}.Release|Any CPU.Build.0 = Release|Any CPU
		{92A7C162-0ABF-4CFF-B9F7-A9FE8F59D0F2}.Debug|Any CPU.ActiveCfg = Debug|Any CPU
		{92A7C162-0ABF-4CFF-B9F7-A9FE8F59D0F2}.Debug|Any CPU.Build.0 = Debug|Any CPU
		{92A7C162-0ABF-4CFF-B9F7-A9FE8F59D0F2}.Release|Any CPU.ActiveCfg = Release|Any CPU
		{92A7C162-0ABF-4CFF-B9F7-A9FE8F59D0F2}.Release|Any CPU.Build.0 = Release|Any CPU
		{DC99E5F8-F44B-4F76-A5A6-12C650DC643E}.Debug|Any CPU.ActiveCfg = Debug|Any CPU
		{DC99E5F8-F44B-4F76-A5A6-12C650DC643E}.Debug|Any CPU.Build.0 = Debug|Any CPU
		{DC99E5F8-F44B-4F76-A5A6-12C650DC643E}.Release|Any CPU.ActiveCfg = Release|Any CPU
		{DC99E5F8-F44B-4F76-A5A6-12C650DC643E}.Release|Any CPU.Build.0 = Release|Any CPU
	EndGlobalSection
	GlobalSection(SolutionProperties) = preSolution
		HideSolutionNode = FALSE
	EndGlobalSection
	GlobalSection(NestedProjects) = preSolution
		{9CC17B19-69DB-4D17-B8AA-1F86B4AE7AAC} = {EABFFF1C-310F-42E4-8814-610667FE8356}
		{05A7BB42-97FF-4992-8FE9-F3D17C0852E8} = {FF644128-F0FB-4DC3-94E3-0BEE5EC92301}
		{A3589014-E776-4650-BFE7-0324C2CB2C91} = {1397326B-F584-4C1E-9387-E81DBDDCA54A}
		{660A9D17-FA42-4AE7-AABE-E546F9044A58} = {EABFFF1C-310F-42E4-8814-610667FE8356}
		{CED58339-01F2-4126-BB53-2F84CEB723BE} = {EABFFF1C-310F-42E4-8814-610667FE8356}
		{A5F7B140-A299-47CC-8B9B-7BB936B9291E} = {EABFFF1C-310F-42E4-8814-610667FE8356}
		{B7721675-9CE5-4027-AF4C-F1C97CF88660} = {FF644128-F0FB-4DC3-94E3-0BEE5EC92301}
		{EA6E4C4B-52A1-42B5-B236-E41714F6CA5D} = {EABFFF1C-310F-42E4-8814-610667FE8356}
		{51A04249-A8ED-4DCC-B0E0-D6AD20717A46} = {EABFFF1C-310F-42E4-8814-610667FE8356}
		{6CC18DE4-460D-4421-878D-7D82B20D5546} = {EABFFF1C-310F-42E4-8814-610667FE8356}
		{923EE581-75F8-444F-9B07-66E08B9E57D2} = {EABFFF1C-310F-42E4-8814-610667FE8356}
		{661C127B-F86C-4A55-9255-FA736D7FABCA} = {EABFFF1C-310F-42E4-8814-610667FE8356}
		{92A7C162-0ABF-4CFF-B9F7-A9FE8F59D0F2} = {D90643A6-7B0E-42EE-84CD-8D9B44A5C7D1}
		{DC99E5F8-F44B-4F76-A5A6-12C650DC643E} = {FF644128-F0FB-4DC3-94E3-0BEE5EC92301}
	EndGlobalSection
	GlobalSection(ExtensibilityGlobals) = postSolution
		SolutionGuid = {F70F386C-F239-4BCF-A82F-4863D3658C0B}
	EndGlobalSection
EndGlobal
